// !$*UTF8*$!
{
	archiveVersion = 1;
	classes = {
	};
	objectVersion = 46;
	objects = {

/* Begin PBXBuildFile section */
		3511963A1F16A09D00B1F9CC /* AppDelegate.swift in Sources */ = {isa = PBXBuildFile; fileRef = 351196391F16A09D00B1F9CC /* AppDelegate.swift */; };
		3511963C1F16A09D00B1F9CC /* GameScene.sks in Resources */ = {isa = PBXBuildFile; fileRef = 3511963B1F16A09D00B1F9CC /* GameScene.sks */; };
		3511963E1F16A09D00B1F9CC /* Actions.sks in Resources */ = {isa = PBXBuildFile; fileRef = 3511963D1F16A09D00B1F9CC /* Actions.sks */; };
		351196401F16A09D00B1F9CC /* GameScene.swift in Sources */ = {isa = PBXBuildFile; fileRef = 3511963F1F16A09D00B1F9CC /* GameScene.swift */; };
		351196421F16A09D00B1F9CC /* GameViewController.swift in Sources */ = {isa = PBXBuildFile; fileRef = 351196411F16A09D00B1F9CC /* GameViewController.swift */; };
		351196451F16A09D00B1F9CC /* Main.storyboard in Resources */ = {isa = PBXBuildFile; fileRef = 351196431F16A09D00B1F9CC /* Main.storyboard */; };
		351196471F16A09D00B1F9CC /* Assets.xcassets in Resources */ = {isa = PBXBuildFile; fileRef = 351196461F16A09D00B1F9CC /* Assets.xcassets */; };
		3511964A1F16A09D00B1F9CC /* LaunchScreen.storyboard in Resources */ = {isa = PBXBuildFile; fileRef = 351196481F16A09D00B1F9CC /* LaunchScreen.storyboard */; };
		351196551F16A09D00B1F9CC /* Hoppy_BunnyTests.swift in Sources */ = {isa = PBXBuildFile; fileRef = 351196541F16A09D00B1F9CC /* Hoppy_BunnyTests.swift */; };
		351196601F16A09D00B1F9CC /* Hoppy_BunnyUITests.swift in Sources */ = {isa = PBXBuildFile; fileRef = 3511965F1F16A09D00B1F9CC /* Hoppy_BunnyUITests.swift */; };
		351196721F16C19F00B1F9CC /* Hero.sks in Resources */ = {isa = PBXBuildFile; fileRef = 351196711F16C19F00B1F9CC /* Hero.sks */; };
		351196741F16D7A000B1F9CC /* CGFloat+Extentions.swift in Sources */ = {isa = PBXBuildFile; fileRef = 351196731F16D7A000B1F9CC /* CGFloat+Extentions.swift */; };
/* End PBXBuildFile section */

/* Begin PBXContainerItemProxy section */
		351196511F16A09D00B1F9CC /* PBXContainerItemProxy */ = {
			isa = PBXContainerItemProxy;
			containerPortal = 3511962E1F16A09C00B1F9CC /* Project object */;
			proxyType = 1;
			remoteGlobalIDString = 351196351F16A09C00B1F9CC;
			remoteInfo = "Hoppy Bunny";
		};
		3511965C1F16A09D00B1F9CC /* PBXContainerItemProxy */ = {
			isa = PBXContainerItemProxy;
			containerPortal = 3511962E1F16A09C00B1F9CC /* Project object */;
			proxyType = 1;
			remoteGlobalIDString = 351196351F16A09C00B1F9CC;
			remoteInfo = "Hoppy Bunny";
		};
/* End PBXContainerItemProxy section */

/* Begin PBXFileReference section */
		351196361F16A09C00B1F9CC /* Hoppy Bunny.app */ = {isa = PBXFileReference; explicitFileType = wrapper.application; includeInIndex = 0; path = "Hoppy Bunny.app"; sourceTree = BUILT_PRODUCTS_DIR; };
		351196391F16A09D00B1F9CC /* AppDelegate.swift */ = {isa = PBXFileReference; lastKnownFileType = sourcecode.swift; path = AppDelegate.swift; sourceTree = "<group>"; };
		3511963B1F16A09D00B1F9CC /* GameScene.sks */ = {isa = PBXFileReference; lastKnownFileType = file.sks; path = GameScene.sks; sourceTree = "<group>"; };
		3511963D1F16A09D00B1F9CC /* Actions.sks */ = {isa = PBXFileReference; lastKnownFileType = file.sks; path = Actions.sks; sourceTree = "<group>"; };
		3511963F1F16A09D00B1F9CC /* GameScene.swift */ = {isa = PBXFileReference; lastKnownFileType = sourcecode.swift; path = GameScene.swift; sourceTree = "<group>"; };
		351196411F16A09D00B1F9CC /* GameViewController.swift */ = {isa = PBXFileReference; lastKnownFileType = sourcecode.swift; path = GameViewController.swift; sourceTree = "<group>"; };
		351196441F16A09D00B1F9CC /* Base */ = {isa = PBXFileReference; lastKnownFileType = file.storyboard; name = Base; path = Base.lproj/Main.storyboard; sourceTree = "<group>"; };
		351196461F16A09D00B1F9CC /* Assets.xcassets */ = {isa = PBXFileReference; lastKnownFileType = folder.assetcatalog; path = Assets.xcassets; sourceTree = "<group>"; };
		351196491F16A09D00B1F9CC /* Base */ = {isa = PBXFileReference; lastKnownFileType = file.storyboard; name = Base; path = Base.lproj/LaunchScreen.storyboard; sourceTree = "<group>"; };
		3511964B1F16A09D00B1F9CC /* Info.plist */ = {isa = PBXFileReference; lastKnownFileType = text.plist.xml; path = Info.plist; sourceTree = "<group>"; };
		351196501F16A09D00B1F9CC /* Hoppy BunnyTests.xctest */ = {isa = PBXFileReference; explicitFileType = wrapper.cfbundle; includeInIndex = 0; path = "Hoppy BunnyTests.xctest"; sourceTree = BUILT_PRODUCTS_DIR; };
		351196541F16A09D00B1F9CC /* Hoppy_BunnyTests.swift */ = {isa = PBXFileReference; lastKnownFileType = sourcecode.swift; path = Hoppy_BunnyTests.swift; sourceTree = "<group>"; };
		351196561F16A09D00B1F9CC /* Info.plist */ = {isa = PBXFileReference; lastKnownFileType = text.plist.xml; path = Info.plist; sourceTree = "<group>"; };
		3511965B1F16A09D00B1F9CC /* Hoppy BunnyUITests.xctest */ = {isa = PBXFileReference; explicitFileType = wrapper.cfbundle; includeInIndex = 0; path = "Hoppy BunnyUITests.xctest"; sourceTree = BUILT_PRODUCTS_DIR; };
		3511965F1F16A09D00B1F9CC /* Hoppy_BunnyUITests.swift */ = {isa = PBXFileReference; lastKnownFileType = sourcecode.swift; path = Hoppy_BunnyUITests.swift; sourceTree = "<group>"; };
		351196611F16A09D00B1F9CC /* Info.plist */ = {isa = PBXFileReference; lastKnownFileType = text.plist.xml; path = Info.plist; sourceTree = "<group>"; };
		351196711F16C19F00B1F9CC /* Hero.sks */ = {isa = PBXFileReference; lastKnownFileType = file.sks; path = Hero.sks; sourceTree = "<group>"; };
		351196731F16D7A000B1F9CC /* CGFloat+Extentions.swift */ = {isa = PBXFileReference; fileEncoding = 4; lastKnownFileType = sourcecode.swift; path = "CGFloat+Extentions.swift"; sourceTree = "<group>"; };
/* End PBXFileReference section */

/* Begin PBXFrameworksBuildPhase section */
		351196331F16A09C00B1F9CC /* Frameworks */ = {
			isa = PBXFrameworksBuildPhase;
			buildActionMask = 2147483647;
			files = (
			);
			runOnlyForDeploymentPostprocessing = 0;
		};
		3511964D1F16A09D00B1F9CC /* Frameworks */ = {
			isa = PBXFrameworksBuildPhase;
			buildActionMask = 2147483647;
			files = (
			);
			runOnlyForDeploymentPostprocessing = 0;
		};
		351196581F16A09D00B1F9CC /* Frameworks */ = {
			isa = PBXFrameworksBuildPhase;
			buildActionMask = 2147483647;
			files = (
			);
			runOnlyForDeploymentPostprocessing = 0;
		};
/* End PBXFrameworksBuildPhase section */

/* Begin PBXGroup section */
		3511962D1F16A09C00B1F9CC = {
			isa = PBXGroup;
			children = (
				351196381F16A09C00B1F9CC /* Hoppy Bunny */,
				351196531F16A09D00B1F9CC /* Hoppy BunnyTests */,
				3511965E1F16A09D00B1F9CC /* Hoppy BunnyUITests */,
				351196371F16A09C00B1F9CC /* Products */,
			);
			sourceTree = "<group>";
		};
		351196371F16A09C00B1F9CC /* Products */ = {
			isa = PBXGroup;
			children = (
				351196361F16A09C00B1F9CC /* Hoppy Bunny.app */,
				351196501F16A09D00B1F9CC /* Hoppy BunnyTests.xctest */,
				3511965B1F16A09D00B1F9CC /* Hoppy BunnyUITests.xctest */,
			);
			name = Products;
			sourceTree = "<group>";
		};
		351196381F16A09C00B1F9CC /* Hoppy Bunny */ = {
			isa = PBXGroup;
			children = (
				351196711F16C19F00B1F9CC /* Hero.sks */,
				351196391F16A09D00B1F9CC /* AppDelegate.swift */,
				3511963B1F16A09D00B1F9CC /* GameScene.sks */,
				3511963D1F16A09D00B1F9CC /* Actions.sks */,
				3511963F1F16A09D00B1F9CC /* GameScene.swift */,
				351196731F16D7A000B1F9CC /* CGFloat+Extentions.swift */,
				351196411F16A09D00B1F9CC /* GameViewController.swift */,
				351196431F16A09D00B1F9CC /* Main.storyboard */,
				351196461F16A09D00B1F9CC /* Assets.xcassets */,
				351196481F16A09D00B1F9CC /* LaunchScreen.storyboard */,
				3511964B1F16A09D00B1F9CC /* Info.plist */,
			);
			path = "Hoppy Bunny";
			sourceTree = "<group>";
		};
		351196531F16A09D00B1F9CC /* Hoppy BunnyTests */ = {
			isa = PBXGroup;
			children = (
				351196541F16A09D00B1F9CC /* Hoppy_BunnyTests.swift */,
				351196561F16A09D00B1F9CC /* Info.plist */,
			);
			path = "Hoppy BunnyTests";
			sourceTree = "<group>";
		};
		3511965E1F16A09D00B1F9CC /* Hoppy BunnyUITests */ = {
			isa = PBXGroup;
			children = (
				3511965F1F16A09D00B1F9CC /* Hoppy_BunnyUITests.swift */,
				351196611F16A09D00B1F9CC /* Info.plist */,
			);
			path = "Hoppy BunnyUITests";
			sourceTree = "<group>";
		};
/* End PBXGroup section */

/* Begin PBXNativeTarget section */
		351196351F16A09C00B1F9CC /* Hoppy Bunny */ = {
			isa = PBXNativeTarget;
			buildConfigurationList = 351196641F16A09D00B1F9CC /* Build configuration list for PBXNativeTarget "Hoppy Bunny" */;
			buildPhases = (
				351196321F16A09C00B1F9CC /* Sources */,
				351196331F16A09C00B1F9CC /* Frameworks */,
				351196341F16A09C00B1F9CC /* Resources */,
			);
			buildRules = (
			);
			dependencies = (
			);
			name = "Hoppy Bunny";
			productName = "Hoppy Bunny";
			productReference = 351196361F16A09C00B1F9CC /* Hoppy Bunny.app */;
			productType = "com.apple.product-type.application";
		};
		3511964F1F16A09D00B1F9CC /* Hoppy BunnyTests */ = {
			isa = PBXNativeTarget;
			buildConfigurationList = 351196671F16A09D00B1F9CC /* Build configuration list for PBXNativeTarget "Hoppy BunnyTests" */;
			buildPhases = (
				3511964C1F16A09D00B1F9CC /* Sources */,
				3511964D1F16A09D00B1F9CC /* Frameworks */,
				3511964E1F16A09D00B1F9CC /* Resources */,
			);
			buildRules = (
			);
			dependencies = (
				351196521F16A09D00B1F9CC /* PBXTargetDependency */,
			);
			name = "Hoppy BunnyTests";
			productName = "Hoppy BunnyTests";
			productReference = 351196501F16A09D00B1F9CC /* Hoppy BunnyTests.xctest */;
			productType = "com.apple.product-type.bundle.unit-test";
		};
		3511965A1F16A09D00B1F9CC /* Hoppy BunnyUITests */ = {
			isa = PBXNativeTarget;
			buildConfigurationList = 3511966A1F16A09D00B1F9CC /* Build configuration list for PBXNativeTarget "Hoppy BunnyUITests" */;
			buildPhases = (
				351196571F16A09D00B1F9CC /* Sources */,
				351196581F16A09D00B1F9CC /* Frameworks */,
				351196591F16A09D00B1F9CC /* Resources */,
			);
			buildRules = (
			);
			dependencies = (
				3511965D1F16A09D00B1F9CC /* PBXTargetDependency */,
			);
			name = "Hoppy BunnyUITests";
			productName = "Hoppy BunnyUITests";
			productReference = 3511965B1F16A09D00B1F9CC /* Hoppy BunnyUITests.xctest */;
			productType = "com.apple.product-type.bundle.ui-testing";
		};
/* End PBXNativeTarget section */

/* Begin PBXProject section */
		3511962E1F16A09C00B1F9CC /* Project object */ = {
			isa = PBXProject;
			attributes = {
				LastSwiftUpdateCheck = 0830;
				LastUpgradeCheck = 0830;
				ORGANIZATIONNAME = "Shreya Basireddy";
				TargetAttributes = {
					351196351F16A09C00B1F9CC = {
						CreatedOnToolsVersion = 8.3.3;
						ProvisioningStyle = Automatic;
					};
					3511964F1F16A09D00B1F9CC = {
						CreatedOnToolsVersion = 8.3.3;
						ProvisioningStyle = Automatic;
						TestTargetID = 351196351F16A09C00B1F9CC;
					};
					3511965A1F16A09D00B1F9CC = {
						CreatedOnToolsVersion = 8.3.3;
						ProvisioningStyle = Automatic;
						TestTargetID = 351196351F16A09C00B1F9CC;
					};
				};
			};
			buildConfigurationList = 351196311F16A09C00B1F9CC /* Build configuration list for PBXProject "Hoppy Bunny" */;
			compatibilityVersion = "Xcode 3.2";
			developmentRegion = English;
			hasScannedForEncodings = 0;
			knownRegions = (
				en,
				Base,
			);
			mainGroup = 3511962D1F16A09C00B1F9CC;
			productRefGroup = 351196371F16A09C00B1F9CC /* Products */;
			projectDirPath = "";
			projectRoot = "";
			targets = (
				351196351F16A09C00B1F9CC /* Hoppy Bunny */,
				3511964F1F16A09D00B1F9CC /* Hoppy BunnyTests */,
				3511965A1F16A09D00B1F9CC /* Hoppy BunnyUITests */,
			);
		};
/* End PBXProject section */

/* Begin PBXResourcesBuildPhase section */
		351196341F16A09C00B1F9CC /* Resources */ = {
			isa = PBXResourcesBuildPhase;
			buildActionMask = 2147483647;
			files = (
				351196451F16A09D00B1F9CC /* Main.storyboard in Resources */,
				3511963C1F16A09D00B1F9CC /* GameScene.sks in Resources */,
				351196471F16A09D00B1F9CC /* Assets.xcassets in Resources */,
				3511964A1F16A09D00B1F9CC /* LaunchScreen.storyboard in Resources */,
				351196721F16C19F00B1F9CC /* Hero.sks in Resources */,
				3511963E1F16A09D00B1F9CC /* Actions.sks in Resources */,
			);
			runOnlyForDeploymentPostprocessing = 0;
		};
		3511964E1F16A09D00B1F9CC /* Resources */ = {
			isa = PBXResourcesBuildPhase;
			buildActionMask = 2147483647;
			files = (
			);
			runOnlyForDeploymentPostprocessing = 0;
		};
		351196591F16A09D00B1F9CC /* Resources */ = {
			isa = PBXResourcesBuildPhase;
			buildActionMask = 2147483647;
			files = (
			);
			runOnlyForDeploymentPostprocessing = 0;
		};
/* End PBXResourcesBuildPhase section */

/* Begin PBXSourcesBuildPhase section */
		351196321F16A09C00B1F9CC /* Sources */ = {
			isa = PBXSourcesBuildPhase;
			buildActionMask = 2147483647;
			files = (
				351196401F16A09D00B1F9CC /* GameScene.swift in Sources */,
				351196421F16A09D00B1F9CC /* GameViewController.swift in Sources */,
				3511963A1F16A09D00B1F9CC /* AppDelegate.swift in Sources */,
				351196741F16D7A000B1F9CC /* CGFloat+Extentions.swift in Sources */,
			);
			runOnlyForDeploymentPostprocessing = 0;
		};
		3511964C1F16A09D00B1F9CC /* Sources */ = {
			isa = PBXSourcesBuildPhase;
			buildActionMask = 2147483647;
			files = (
				351196551F16A09D00B1F9CC /* Hoppy_BunnyTests.swift in Sources */,
			);
			runOnlyForDeploymentPostprocessing = 0;
		};
		351196571F16A09D00B1F9CC /* Sources */ = {
			isa = PBXSourcesBuildPhase;
			buildActionMask = 2147483647;
			files = (
				351196601F16A09D00B1F9CC /* Hoppy_BunnyUITests.swift in Sources */,
			);
			runOnlyForDeploymentPostprocessing = 0;
		};
/* End PBXSourcesBuildPhase section */

/* Begin PBXTargetDependency section */
		351196521F16A09D00B1F9CC /* PBXTargetDependency */ = {
			isa = PBXTargetDependency;
			target = 351196351F16A09C00B1F9CC /* Hoppy Bunny */;
			targetProxy = 351196511F16A09D00B1F9CC /* PBXContainerItemProxy */;
		};
		3511965D1F16A09D00B1F9CC /* PBXTargetDependency */ = {
			isa = PBXTargetDependency;
			target = 351196351F16A09C00B1F9CC /* Hoppy Bunny */;
			targetProxy = 3511965C1F16A09D00B1F9CC /* PBXContainerItemProxy */;
		};
/* End PBXTargetDependency section */

/* Begin PBXVariantGroup section */
		351196431F16A09D00B1F9CC /* Main.storyboard */ = {
			isa = PBXVariantGroup;
			children = (
				351196441F16A09D00B1F9CC /* Base */,
			);
			name = Main.storyboard;
			sourceTree = "<group>";
		};
		351196481F16A09D00B1F9CC /* LaunchScreen.storyboard */ = {
			isa = PBXVariantGroup;
			children = (
				351196491F16A09D00B1F9CC /* Base */,
			);
			name = LaunchScreen.storyboard;
			sourceTree = "<group>";
		};
/* End PBXVariantGroup section */

/* Begin XCBuildConfiguration section */
		351196621F16A09D00B1F9CC /* Debug */ = {
			isa = XCBuildConfiguration;
			buildSettings = {
				ALWAYS_SEARCH_USER_PATHS = NO;
				CLANG_ANALYZER_NONNULL = YES;
				CLANG_ANALYZER_NUMBER_OBJECT_CONVERSION = YES_AGGRESSIVE;
				CLANG_CXX_LANGUAGE_STANDARD = "gnu++0x";
				CLANG_CXX_LIBRARY = "libc++";
				CLANG_ENABLE_MODULES = YES;
				CLANG_ENABLE_OBJC_ARC = YES;
				CLANG_WARN_BOOL_CONVERSION = YES;
				CLANG_WARN_CONSTANT_CONVERSION = YES;
				CLANG_WARN_DIRECT_OBJC_ISA_USAGE = YES_ERROR;
				CLANG_WARN_DOCUMENTATION_COMMENTS = YES;
				CLANG_WARN_EMPTY_BODY = YES;
				CLANG_WARN_ENUM_CONVERSION = YES;
				CLANG_WARN_INFINITE_RECURSION = YES;
				CLANG_WARN_INT_CONVERSION = YES;
				CLANG_WARN_OBJC_ROOT_CLASS = YES_ERROR;
				CLANG_WARN_SUSPICIOUS_MOVE = YES;
				CLANG_WARN_UNREACHABLE_CODE = YES;
				CLANG_WARN__DUPLICATE_METHOD_MATCH = YES;
				"CODE_SIGN_IDENTITY[sdk=iphoneos*]" = "iPhone Developer";
				COPY_PHASE_STRIP = NO;
				DEBUG_INFORMATION_FORMAT = dwarf;
				ENABLE_STRICT_OBJC_MSGSEND = YES;
				ENABLE_TESTABILITY = YES;
				GCC_C_LANGUAGE_STANDARD = gnu99;
				GCC_DYNAMIC_NO_PIC = NO;
				GCC_NO_COMMON_BLOCKS = YES;
				GCC_OPTIMIZATION_LEVEL = 0;
				GCC_PREPROCESSOR_DEFINITIONS = (
					"DEBUG=1",
					"$(inherited)",
				);
				GCC_WARN_64_TO_32_BIT_CONVERSION = YES;
				GCC_WARN_ABOUT_RETURN_TYPE = YES_ERROR;
				GCC_WARN_UNDECLARED_SELECTOR = YES;
				GCC_WARN_UNINITIALIZED_AUTOS = YES_AGGRESSIVE;
				GCC_WARN_UNUSED_FUNCTION = YES;
				GCC_WARN_UNUSED_VARIABLE = YES;
				IPHONEOS_DEPLOYMENT_TARGET = 10.3;
				MTL_ENABLE_DEBUG_INFO = YES;
				ONLY_ACTIVE_ARCH = YES;
				SDKROOT = iphoneos;
				SWIFT_ACTIVE_COMPILATION_CONDITIONS = DEBUG;
				SWIFT_OPTIMIZATION_LEVEL = "-Onone";
				TARGETED_DEVICE_FAMILY = "1,2";
			};
			name = Debug;
		};
		351196631F16A09D00B1F9CC /* Release */ = {
			isa = XCBuildConfiguration;
			buildSettings = {
				ALWAYS_SEARCH_USER_PATHS = NO;
				CLANG_ANALYZER_NONNULL = YES;
				CLANG_ANALYZER_NUMBER_OBJECT_CONVERSION = YES_AGGRESSIVE;
				CLANG_CXX_LANGUAGE_STANDARD = "gnu++0x";
				CLANG_CXX_LIBRARY = "libc++";
				CLANG_ENABLE_MODULES = YES;
				CLANG_ENABLE_OBJC_ARC = YES;
				CLANG_WARN_BOOL_CONVERSION = YES;
				CLANG_WARN_CONSTANT_CONVERSION = YES;
				CLANG_WARN_DIRECT_OBJC_ISA_USAGE = YES_ERROR;
				CLANG_WARN_DOCUMENTATION_COMMENTS = YES;
				CLANG_WARN_EMPTY_BODY = YES;
				CLANG_WARN_ENUM_CONVERSION = YES;
				CLANG_WARN_INFINITE_RECURSION = YES;
				CLANG_WARN_INT_CONVERSION = YES;
				CLANG_WARN_OBJC_ROOT_CLASS = YES_ERROR;
				CLANG_WARN_SUSPICIOUS_MOVE = YES;
				CLANG_WARN_UNREACHABLE_CODE = YES;
				CLANG_WARN__DUPLICATE_METHOD_MATCH = YES;
				"CODE_SIGN_IDENTITY[sdk=iphoneos*]" = "iPhone Developer";
				COPY_PHASE_STRIP = NO;
				DEBUG_INFORMATION_FORMAT = "dwarf-with-dsym";
				ENABLE_NS_ASSERTIONS = NO;
				ENABLE_STRICT_OBJC_MSGSEND = YES;
				GCC_C_LANGUAGE_STANDARD = gnu99;
				GCC_NO_COMMON_BLOCKS = YES;
				GCC_WARN_64_TO_32_BIT_CONVERSION = YES;
				GCC_WARN_ABOUT_RETURN_TYPE = YES_ERROR;
				GCC_WARN_UNDECLARED_SELECTOR = YES;
				GCC_WARN_UNINITIALIZED_AUTOS = YES_AGGRESSIVE;
				GCC_WARN_UNUSED_FUNCTION = YES;
				GCC_WARN_UNUSED_VARIABLE = YES;
				IPHONEOS_DEPLOYMENT_TARGET = 10.3;
				MTL_ENABLE_DEBUG_INFO = NO;
				SDKROOT = iphoneos;
				SWIFT_OPTIMIZATION_LEVEL = "-Owholemodule";
				TARGETED_DEVICE_FAMILY = "1,2";
				VALIDATE_PRODUCT = YES;
			};
			name = Release;
		};
		351196651F16A09D00B1F9CC /* Debug */ = {
			isa = XCBuildConfiguration;
			buildSettings = {
				ASSETCATALOG_COMPILER_APPICON_NAME = AppIcon;
				INFOPLIST_FILE = "Hoppy Bunny/Info.plist";
				LD_RUNPATH_SEARCH_PATHS = "$(inherited) @executable_path/Frameworks";
				PRODUCT_BUNDLE_IDENTIFIER = "shreya.Hoppy-Bunny";
				PRODUCT_NAME = "$(TARGET_NAME)";
				SWIFT_VERSION = 3.0;
			};
			name = Debug;
		};
		351196661F16A09D00B1F9CC /* Release */ = {
			isa = XCBuildConfiguration;
			buildSettings = {
				ASSETCATALOG_COMPILER_APPICON_NAME = AppIcon;
				INFOPLIST_FILE = "Hoppy Bunny/Info.plist";
				LD_RUNPATH_SEARCH_PATHS = "$(inherited) @executable_path/Frameworks";
				PRODUCT_BUNDLE_IDENTIFIER = "shreya.Hoppy-Bunny";
				PRODUCT_NAME = "$(TARGET_NAME)";
				SWIFT_VERSION = 3.0;
			};
			name = Release;
		};
		351196681F16A09D00B1F9CC /* Debug */ = {
			isa = XCBuildConfiguration;
			buildSettings = {
				ALWAYS_EMBED_SWIFT_STANDARD_LIBRARIES = YES;
				BUNDLE_LOADER = "$(TEST_HOST)";
				INFOPLIST_FILE = "Hoppy BunnyTests/Info.plist";
				LD_RUNPATH_SEARCH_PATHS = "$(inherited) @executable_path/Frameworks @loader_path/Frameworks";
				PRODUCT_BUNDLE_IDENTIFIER = "shreya.Hoppy-BunnyTests";
				PRODUCT_NAME = "$(TARGET_NAME)";
				SWIFT_VERSION = 3.0;
				TEST_HOST = "$(BUILT_PRODUCTS_DIR)/Hoppy Bunny.app/Hoppy Bunny";
			};
			name = Debug;
		};
		351196691F16A09D00B1F9CC /* Release */ = {
			isa = XCBuildConfiguration;
			buildSettings = {
				ALWAYS_EMBED_SWIFT_STANDARD_LIBRARIES = YES;
				BUNDLE_LOADER = "$(TEST_HOST)";
				INFOPLIST_FILE = "Hoppy BunnyTests/Info.plist";
				LD_RUNPATH_SEARCH_PATHS = "$(inherited) @executable_path/Frameworks @loader_path/Frameworks";
				PRODUCT_BUNDLE_IDENTIFIER = "shreya.Hoppy-BunnyTests";
				PRODUCT_NAME = "$(TARGET_NAME)";
				SWIFT_VERSION = 3.0;
				TEST_HOST = "$(BUILT_PRODUCTS_DIR)/Hoppy Bunny.app/Hoppy Bunny";
			};
			name = Release;
		};
		3511966B1F16A09D00B1F9CC /* Debug */ = {
			isa = XCBuildConfiguration;
			buildSettings = {
				ALWAYS_EMBED_SWIFT_STANDARD_LIBRARIES = YES;
				INFOPLIST_FILE = "Hoppy BunnyUITests/Info.plist";
				LD_RUNPATH_SEARCH_PATHS = "$(inherited) @executable_path/Frameworks @loader_path/Frameworks";
				PRODUCT_BUNDLE_IDENTIFIER = "shreya.Hoppy-BunnyUITests";
				PRODUCT_NAME = "$(TARGET_NAME)";
				SWIFT_VERSION = 3.0;
				TEST_TARGET_NAME = "Hoppy Bunny";
			};
			name = Debug;
		};
		3511966C1F16A09D00B1F9CC /* Release */ = {
			isa = XCBuildConfiguration;
			buildSettings = {
				ALWAYS_EMBED_SWIFT_STANDARD_LIBRARIES = YES;
				INFOPLIST_FILE = "Hoppy BunnyUITests/Info.plist";
				LD_RUNPATH_SEARCH_PATHS = "$(inherited) @executable_path/Frameworks @loader_path/Frameworks";
				PRODUCT_BUNDLE_IDENTIFIER = "shreya.Hoppy-BunnyUITests";
				PRODUCT_NAME = "$(TARGET_NAME)";
				SWIFT_VERSION = 3.0;
				TEST_TARGET_NAME = "Hoppy Bunny";
			};
			name = Release;
		};
/* End XCBuildConfiguration section */

/* Begin XCConfigurationList section */
		351196311F16A09C00B1F9CC /* Build configuration list for PBXProject "Hoppy Bunny" */ = {
			isa = XCConfigurationList;
			buildConfigurations = (
				351196621F16A09D00B1F9CC /* Debug */,
				351196631F16A09D00B1F9CC /* Release */,
			);
			defaultConfigurationIsVisible = 0;
			defaultConfigurationName = Release;
		};
		351196641F16A09D00B1F9CC /* Build configuration list for PBXNativeTarget "Hoppy Bunny" */ = {
			isa = XCConfigurationList;
			buildConfigurations = (
				351196651F16A09D00B1F9CC /* Debug */,
				351196661F16A09D00B1F9CC /* Release */,
			);
			defaultConfigurationIsVisible = 0;
		};
		351196671F16A09D00B1F9CC /* Build configuration list for PBXNativeTarget "Hoppy BunnyTests" */ = {
			isa = XCConfigurationList;
			buildConfigurations = (
				351196681F16A09D00B1F9CC /* Debug */,
				351196691F16A09D00B1F9CC /* Release */,
			);
			defaultConfigurationIsVisible = 0;
		};
		3511966A1F16A09D00B1F9CC /* Build configuration list for PBXNativeTarget "Hoppy BunnyUITests" */ = {
			isa = XCConfigurationList;
			buildConfigurations = (
				3511966B1F16A09D00B1F9CC /* Debug */,
				3511966C1F16A09D00B1F9CC /* Release */,
			);
			defaultConfigurationIsVisible = 0;
		};
/* End XCConfigurationList section */
	};
	rootObject = 3511962E1F16A09C00B1F9CC /* Project object */;
}
